// !$*UTF8*$!
{
	archiveVersion = 1;
	classes = {
	};
	objectVersion = 46;
	objects = {

/* Begin PBXAggregateTarget section */
		381C3937A359488E92961976 /* ZERO_CHECK */ = {
			isa = PBXAggregateTarget;
			buildConfigurationList = 2C3FE8A6BB1148AABD5CF320 /* Build configuration list for PBXAggregateTarget "ZERO_CHECK" */;
			buildPhases = (
				A55AE61C0E6746EE923B16FF /* CMake Rules */,
			);
			dependencies = (
			);
			name = ZERO_CHECK;
			productName = ZERO_CHECK;
		};
		C9654C524FEC4F049DA773FE /* ALL_BUILD */ = {
			isa = PBXAggregateTarget;
			buildConfigurationList = 079A10D9C3E646C594CDA278 /* Build configuration list for PBXAggregateTarget "ALL_BUILD" */;
			buildPhases = (
				8CFD2BCF6C5D40C99D771B6F /* CMake Rules */,
			);
			dependencies = (
				F1BBB60826454E08B9790B73 /* PBXTargetDependency */,
				1C2B62F85FB54D52B34B432B /* PBXTargetDependency */,
			);
			name = ALL_BUILD;
			productName = ALL_BUILD;
		};
/* End PBXAggregateTarget section */

/* Begin PBXBuildFile section */
		39465AB8C4D349E599D32BD6 /* /Users/Ollie/Documents/CarND/CarND-Unscented-Kalman-Filter-Project/src/tools.cpp */ = {isa = PBXBuildFile; fileRef = 227449FD126946DA9DDAB73F /* /Users/Ollie/Documents/CarND/CarND-Unscented-Kalman-Filter-Project/src/tools.cpp */; };
		CAB68D11289B41459415A8EA /* /Users/Ollie/Documents/CarND/CarND-Unscented-Kalman-Filter-Project/CMakeLists.txt */ = {isa = PBXBuildFile; fileRef = 28CC225246844287BBFEA575 /* /Users/Ollie/Documents/CarND/CarND-Unscented-Kalman-Filter-Project/CMakeLists.txt */; };
		D10041CD9AFB487B8A2FFAEF /* /Users/Ollie/Documents/CarND/CarND-Unscented-Kalman-Filter-Project/src/ukf.cpp */ = {isa = PBXBuildFile; fileRef = F793DF418A0A492284CB72E1 /* /Users/Ollie/Documents/CarND/CarND-Unscented-Kalman-Filter-Project/src/ukf.cpp */; };
		D461644543694C44BC8FF143 /* /Users/Ollie/Documents/CarND/CarND-Unscented-Kalman-Filter-Project/src/main.cpp */ = {isa = PBXBuildFile; fileRef = FCE0BE936AAC498FBD327E19 /* /Users/Ollie/Documents/CarND/CarND-Unscented-Kalman-Filter-Project/src/main.cpp */; };
/* End PBXBuildFile section */

/* Begin PBXBuildStyle section */
		149B82DF78E84D859B0DFC1C = {
			isa = PBXBuildStyle;
		};
		3BC21875742D40BF9B660ADA /* MinSizeRel */ = {
			isa = PBXBuildStyle;
			buildSettings = {
				COPY_PHASE_STRIP = NO;
			};
			name = MinSizeRel;
		};
		AB68601FB2CE4B24868569C6 /* RelWithDebInfo */ = {
			isa = PBXBuildStyle;
			buildSettings = {
				COPY_PHASE_STRIP = NO;
			};
			name = RelWithDebInfo;
		};
		E84AF7077014407F86487117 /* Debug */ = {
			isa = PBXBuildStyle;
			buildSettings = {
				COPY_PHASE_STRIP = NO;
			};
			name = Debug;
		};
		F5FAF2AC255D400AAAC8F820 /* Release */ = {
			isa = PBXBuildStyle;
			buildSettings = {
				COPY_PHASE_STRIP = NO;
			};
			name = Release;
		};
/* End PBXBuildStyle section */

/* Begin PBXContainerItemProxy section */
		12EB93080E41444380D212D9 /* PBXContainerItemProxy */ = {
			isa = PBXContainerItemProxy;
			containerPortal = 5FFFC7C6E7554D6897E4DE8F /* Project object */;
			proxyType = 1;
			remoteGlobalIDString = 945F4423964E483685A1D55E;
			remoteInfo = UnscentedKF;
		};
		1AC4C40ADE2942318DD67EF2 /* PBXContainerItemProxy */ = {
			isa = PBXContainerItemProxy;
			containerPortal = 5FFFC7C6E7554D6897E4DE8F /* Project object */;
			proxyType = 1;
			remoteGlobalIDString = 381C3937A359488E92961976;
			remoteInfo = ZERO_CHECK;
		};
		FA7CFC66E5C6476189256CAE /* PBXContainerItemProxy */ = {
			isa = PBXContainerItemProxy;
			containerPortal = 5FFFC7C6E7554D6897E4DE8F /* Project object */;
			proxyType = 1;
			remoteGlobalIDString = 381C3937A359488E92961976;
			remoteInfo = ZERO_CHECK;
		};
/* End PBXContainerItemProxy section */

/* Begin PBXFileReference section */
		227449FD126946DA9DDAB73F /* /Users/Ollie/Documents/CarND/CarND-Unscented-Kalman-Filter-Project/src/tools.cpp */ = {isa = PBXFileReference; explicitFileType = sourcecode.cpp.cpp; fileEncoding = 4; name = tools.cpp; path = src/tools.cpp; sourceTree = SOURCE_ROOT; };
		28CC225246844287BBFEA575 /* /Users/Ollie/Documents/CarND/CarND-Unscented-Kalman-Filter-Project/CMakeLists.txt */ = {isa = PBXFileReference; explicitFileType = sourcecode.text; fileEncoding = 4; name = CMakeLists.txt; path = CMakeLists.txt; sourceTree = SOURCE_ROOT; };
		BA033F4A80A9442391367D95 /* UnscentedKF */ = {isa = PBXFileReference; explicitFileType = "compiled.mach-o.executable"; path = UnscentedKF; sourceTree = BUILT_PRODUCTS_DIR; };
		C632074F4FBC4C7ABA1D7E31 /* /Users/Ollie/Documents/CarND/CarND-Unscented-Kalman-Filter-Project/CMakeLists.txt */ = {isa = PBXFileReference; explicitFileType = sourcecode.text; fileEncoding = 4; name = CMakeLists.txt; path = CMakeLists.txt; sourceTree = SOURCE_ROOT; };
		D04C454AB5DE4CA8B02741B2 /* /Users/Ollie/Documents/CarND/CarND-Unscented-Kalman-Filter-Project/CMakeLists.txt */ = {isa = PBXFileReference; explicitFileType = sourcecode.text; fileEncoding = 4; name = CMakeLists.txt; path = CMakeLists.txt; sourceTree = SOURCE_ROOT; };
		F793DF418A0A492284CB72E1 /* /Users/Ollie/Documents/CarND/CarND-Unscented-Kalman-Filter-Project/src/ukf.cpp */ = {isa = PBXFileReference; explicitFileType = sourcecode.cpp.cpp; fileEncoding = 4; name = ukf.cpp; path = src/ukf.cpp; sourceTree = SOURCE_ROOT; };
		FCE0BE936AAC498FBD327E19 /* /Users/Ollie/Documents/CarND/CarND-Unscented-Kalman-Filter-Project/src/main.cpp */ = {isa = PBXFileReference; explicitFileType = sourcecode.cpp.cpp; fileEncoding = 4; name = main.cpp; path = src/main.cpp; sourceTree = SOURCE_ROOT; };
/* End PBXFileReference section */

/* Begin PBXGroup section */
		04682BC4EF414DFFB7E2A05F /* UnscentedKF */ = {
			isa = PBXGroup;
			children = (
				5F1B21C54E5E4E6590938C3F /* Source Files */,
				28CC225246844287BBFEA575 /* /Users/Ollie/Documents/CarND/CarND-Unscented-Kalman-Filter-Project/CMakeLists.txt */,
			);
			name = UnscentedKF;
			sourceTree = "<group>";
		};
		08D619F9F3DD4503A4591A6E /* CMake Rules */ = {
			isa = PBXGroup;
			children = (
			);
			name = "CMake Rules";
			sourceTree = "<group>";
		};
		2731844B17034A73BF478102 /* ZERO_CHECK */ = {
			isa = PBXGroup;
			children = (
				08D619F9F3DD4503A4591A6E /* CMake Rules */,
				C632074F4FBC4C7ABA1D7E31 /* /Users/Ollie/Documents/CarND/CarND-Unscented-Kalman-Filter-Project/CMakeLists.txt */,
			);
			name = ZERO_CHECK;
			sourceTree = "<group>";
		};
		3DAB7BD3DCD04A0DA182EC9D /* CMake Rules */ = {
			isa = PBXGroup;
			children = (
			);
			name = "CMake Rules";
			sourceTree = "<group>";
		};
		4EDE921C492945A88D062DB2 /* Sources */ = {
			isa = PBXGroup;
			children = (
				04682BC4EF414DFFB7E2A05F /* UnscentedKF */,
				A0352EDD5D3F438FB65C62F8 /* ALL_BUILD */,
				2731844B17034A73BF478102 /* ZERO_CHECK */,
			);
			name = Sources;
			sourceTree = "<group>";
		};
		55DF4FB07EE740399B681BE4 /* Products */ = {
			isa = PBXGroup;
			children = (
				BA033F4A80A9442391367D95 /* UnscentedKF */,
			);
			name = Products;
			sourceTree = "<group>";
		};
		5F1B21C54E5E4E6590938C3F /* Source Files */ = {
			isa = PBXGroup;
			children = (
				FCE0BE936AAC498FBD327E19 /* /Users/Ollie/Documents/CarND/CarND-Unscented-Kalman-Filter-Project/src/main.cpp */,
				227449FD126946DA9DDAB73F /* /Users/Ollie/Documents/CarND/CarND-Unscented-Kalman-Filter-Project/src/tools.cpp */,
				F793DF418A0A492284CB72E1 /* /Users/Ollie/Documents/CarND/CarND-Unscented-Kalman-Filter-Project/src/ukf.cpp */,
			);
			name = "Source Files";
			sourceTree = "<group>";
		};
		6B33823DFFF849F0B7BB03F4 = {
			isa = PBXGroup;
			children = (
				4EDE921C492945A88D062DB2 /* Sources */,
				91F4739D54B341E1BAC0DF7A /* Resources */,
				55DF4FB07EE740399B681BE4 /* Products */,
			);
			sourceTree = "<group>";
		};
		91F4739D54B341E1BAC0DF7A /* Resources */ = {
			isa = PBXGroup;
			children = (
			);
			name = Resources;
			sourceTree = "<group>";
		};
		A0352EDD5D3F438FB65C62F8 /* ALL_BUILD */ = {
			isa = PBXGroup;
			children = (
				3DAB7BD3DCD04A0DA182EC9D /* CMake Rules */,
				D04C454AB5DE4CA8B02741B2 /* /Users/Ollie/Documents/CarND/CarND-Unscented-Kalman-Filter-Project/CMakeLists.txt */,
			);
			name = ALL_BUILD;
			sourceTree = "<group>";
		};
/* End PBXGroup section */

/* Begin PBXNativeTarget section */
		945F4423964E483685A1D55E /* UnscentedKF */ = {
			isa = PBXNativeTarget;
			buildConfigurationList = 630104DBF5A847CB8F423CD0 /* Build configuration list for PBXNativeTarget "UnscentedKF" */;
			buildPhases = (
				FBB3939F298F429B963450CE /* Sources */,
			);
			buildRules = (
			);
			dependencies = (
				008E161CEF8C44248831BDD7 /* PBXTargetDependency */,
			);
			name = UnscentedKF;
			productName = UnscentedKF;
			productReference = BA033F4A80A9442391367D95 /* UnscentedKF */;
			productType = "com.apple.product-type.tool";
		};
/* End PBXNativeTarget section */

/* Begin PBXProject section */
		5FFFC7C6E7554D6897E4DE8F /* Project object */ = {
			isa = PBXProject;
			attributes = {
				BuildIndependentTargetsInParallel = YES;
				LastUpgradeCheck = 0830;
			};
			buildConfigurationList = F9CBB392EC7042E7A63A4484 /* Build configuration list for PBXProject "UnscentedKF" */;
			buildSettings = {
			};
			buildStyles = (
				E84AF7077014407F86487117 /* Debug */,
				F5FAF2AC255D400AAAC8F820 /* Release */,
				3BC21875742D40BF9B660ADA /* MinSizeRel */,
				AB68601FB2CE4B24868569C6 /* RelWithDebInfo */,
			);
			compatibilityVersion = "Xcode 3.2";
			hasScannedForEncodings = 0;
			mainGroup = 6B33823DFFF849F0B7BB03F4;
			projectDirPath = ../../;
			projectRoot = "";
			targets = (
				C9654C524FEC4F049DA773FE /* ALL_BUILD */,
				945F4423964E483685A1D55E /* UnscentedKF */,
				381C3937A359488E92961976 /* ZERO_CHECK */,
			);
		};
/* End PBXProject section */

/* Begin PBXShellScriptBuildPhase section */
		110E0B3CA88F42CBA8A50B57 = {
			isa = PBXShellScriptBuildPhase;
			buildActionMask = 2147483647;
			files = (
			);
			inputPaths = (
			);
			outputPaths = (
			);
			runOnlyForDeploymentPostprocessing = 0;
			shellPath = /bin/sh;
			shellScript = "# shell script goes here
exit 0";
			showEnvVarsInLog = 0;
		};
		2EF1D59B70B44FFC8C38CFDC = {
			isa = PBXShellScriptBuildPhase;
			buildActionMask = 2147483647;
			files = (
			);
			inputPaths = (
			);
			outputPaths = (
			);
			runOnlyForDeploymentPostprocessing = 0;
			shellPath = /bin/sh;
			shellScript = "# shell script goes here
exit 0";
			showEnvVarsInLog = 0;
		};
		8CFD2BCF6C5D40C99D771B6F /* CMake Rules */ = {
			isa = PBXShellScriptBuildPhase;
			buildActionMask = 2147483647;
			files = (
			);
			name = "CMake Rules";
			runOnlyForDeploymentPostprocessing = 0;
			shellPath = /bin/sh;
			shellScript = "make -C /Users/Ollie/Documents/CarND/CarND-Unscented-Kalman-Filter-Project/IDE/xcode -f /Users/Ollie/Documents/CarND/CarND-Unscented-Kalman-Filter-Project/IDE/xcode/CMakeScripts/ALL_BUILD_cmakeRulesBuildPhase.make$CONFIGURATION all";
			showEnvVarsInLog = 0;
		};
		A55AE61C0E6746EE923B16FF /* CMake Rules */ = {
			isa = PBXShellScriptBuildPhase;
			buildActionMask = 2147483647;
			files = (
			);
			name = "CMake Rules";
			runOnlyForDeploymentPostprocessing = 0;
			shellPath = /bin/sh;
			shellScript = "make -C /Users/Ollie/Documents/CarND/CarND-Unscented-Kalman-Filter-Project/IDE/xcode -f /Users/Ollie/Documents/CarND/CarND-Unscented-Kalman-Filter-Project/IDE/xcode/CMakeScripts/ZERO_CHECK_cmakeRulesBuildPhase.make$CONFIGURATION all";
			showEnvVarsInLog = 0;
		};
/* End PBXShellScriptBuildPhase section */

/* Begin PBXSourcesBuildPhase section */
		FBB3939F298F429B963450CE /* Sources */ = {
			isa = PBXSourcesBuildPhase;
			buildActionMask = 2147483647;
			files = (
				D461644543694C44BC8FF143 /* /Users/Ollie/Documents/CarND/CarND-Unscented-Kalman-Filter-Project/src/main.cpp */,
				39465AB8C4D349E599D32BD6 /* /Users/Ollie/Documents/CarND/CarND-Unscented-Kalman-Filter-Project/src/tools.cpp */,
				D10041CD9AFB487B8A2FFAEF /* /Users/Ollie/Documents/CarND/CarND-Unscented-Kalman-Filter-Project/src/ukf.cpp */,
			);
			runOnlyForDeploymentPostprocessing = 0;
		};
/* End PBXSourcesBuildPhase section */

/* Begin PBXTargetDependency section */
		008E161CEF8C44248831BDD7 /* PBXTargetDependency */ = {
			isa = PBXTargetDependency;
			target = 381C3937A359488E92961976 /* ZERO_CHECK */;
			targetProxy = FA7CFC66E5C6476189256CAE /* PBXContainerItemProxy */;
		};
		1C2B62F85FB54D52B34B432B /* PBXTargetDependency */ = {
			isa = PBXTargetDependency;
			target = 381C3937A359488E92961976 /* ZERO_CHECK */;
			targetProxy = 1AC4C40ADE2942318DD67EF2 /* PBXContainerItemProxy */;
		};
		F1BBB60826454E08B9790B73 /* PBXTargetDependency */ = {
			isa = PBXTargetDependency;
			target = 945F4423964E483685A1D55E /* UnscentedKF */;
			targetProxy = 12EB93080E41444380D212D9 /* PBXContainerItemProxy */;
		};
/* End PBXTargetDependency section */

/* Begin XCBuildConfiguration section */
		1C4BCC9670504AF58E4205DB /* MinSizeRel */ = {
			isa = XCBuildConfiguration;
			buildSettings = {
				COMBINE_HIDPI_IMAGES = YES;
				GCC_GENERATE_DEBUGGING_SYMBOLS = YES;
				GCC_INLINES_ARE_PRIVATE_EXTERN = NO;
				GCC_OPTIMIZATION_LEVEL = 0;
				GCC_PREPROCESSOR_DEFINITIONS = ("'CMAKE_INTDIR=\"$(CONFIGURATION)$(EFFECTIVE_PLATFORM_NAME)\"'");
				GCC_SYMBOLS_PRIVATE_EXTERN = NO;
				HEADER_SEARCH_PATHS = (/usr/local/include,/usr/local/opt/openssl/include);
				INSTALL_PATH = "";
				OTHER_LDFLAGS = " ";
				OTHER_REZFLAGS = "";
				PRODUCT_NAME = ZERO_CHECK;
				SECTORDER_FLAGS = "";
				SYMROOT = "/Users/Ollie/Documents/CarND/CarND-Unscented-Kalman-Filter-Project/IDE/xcode";
				USE_HEADERMAP = NO;
				WARNING_CFLAGS = ("-Wmost","-Wno-four-char-constants","-Wno-unknown-pragmas","$(inherited)");
			};
			name = MinSizeRel;
		};
		5B8EF726C5254BA0879DFC5F /* Debug */ = {
			isa = XCBuildConfiguration;
			buildSettings = {
				COMBINE_HIDPI_IMAGES = YES;
				GCC_GENERATE_DEBUGGING_SYMBOLS = YES;
				GCC_INLINES_ARE_PRIVATE_EXTERN = NO;
				GCC_OPTIMIZATION_LEVEL = 0;
				GCC_PREPROCESSOR_DEFINITIONS = ("'CMAKE_INTDIR=\"$(CONFIGURATION)$(EFFECTIVE_PLATFORM_NAME)\"'");
				GCC_SYMBOLS_PRIVATE_EXTERN = NO;
				HEADER_SEARCH_PATHS = (/usr/local/include,/usr/local/opt/openssl/include);
				INSTALL_PATH = "";
				OTHER_LDFLAGS = " ";
				OTHER_REZFLAGS = "";
				PRODUCT_NAME = ZERO_CHECK;
				SECTORDER_FLAGS = "";
				SYMROOT = "/Users/Ollie/Documents/CarND/CarND-Unscented-Kalman-Filter-Project/IDE/xcode";
				USE_HEADERMAP = NO;
				WARNING_CFLAGS = ("-Wmost","-Wno-four-char-constants","-Wno-unknown-pragmas","$(inherited)");
			};
			name = Debug;
		};
		618B43EC54784352B3974EBB /* Debug */ = {
			isa = XCBuildConfiguration;
			buildSettings = {
				ONLY_ACTIVE_ARCH = YES;
				SDKROOT = /Applications/Xcode.app/Contents/Developer/Platforms/MacOSX.platform/Developer/SDKs/MacOSX10.12.sdk;
				SYMROOT = "/Users/Ollie/Documents/CarND/CarND-Unscented-Kalman-Filter-Project/IDE/xcode/build";
			};
			name = Debug;
		};
		66CAD3612052473792A82D66 /* RelWithDebInfo */ = {
			isa = XCBuildConfiguration;
			buildSettings = {
				COMBINE_HIDPI_IMAGES = YES;
				EXECUTABLE_PREFIX = "";
				EXECUTABLE_SUFFIX = "";
				GCC_GENERATE_DEBUGGING_SYMBOLS = YES;
				GCC_INLINES_ARE_PRIVATE_EXTERN = NO;
				GCC_OPTIMIZATION_LEVEL = 2;
				GCC_PREPROCESSOR_DEFINITIONS = ("'CMAKE_INTDIR=\"$(CONFIGURATION)$(EFFECTIVE_PLATFORM_NAME)\"'");
				GCC_SYMBOLS_PRIVATE_EXTERN = NO;
				HEADER_SEARCH_PATHS = (/usr/local/include,/usr/local/opt/openssl/include);
				INSTALL_PATH = "";
				LD_RUNPATH_SEARCH_PATHS = "/usr/local/lib /usr/local/opt/openssl/lib /usr/local/Cellar/libuv/1.11.0/lib";
				LIBRARY_SEARCH_PATHS = " /usr/local/lib/$(CONFIGURATION)$(EFFECTIVE_PLATFORM_NAME) /usr/local/lib /usr/local/opt/openssl/lib/$(CONFIGURATION)$(EFFECTIVE_PLATFORM_NAME) /usr/local/opt/openssl/lib /usr/local/Cellar/libuv/1.11.0/lib/$(CONFIGURATION)$(EFFECTIVE_PLATFORM_NAME) /usr/local/Cellar/libuv/1.11.0/lib";
				OTHER_CPLUSPLUSFLAGS = "       -DNDEBUG -I/usr/local/include -I/usr/local/opt/openssl/include    -std=c++11";
				OTHER_LDFLAGS = " -Wl,-search_paths_first -Wl,-headerpad_max_install_names  -lz -lssl -luv -luWS";
				OTHER_REZFLAGS = "";
				PRODUCT_NAME = UnscentedKF;
				SECTORDER_FLAGS = "";
				SYMROOT = "/Users/Ollie/Documents/CarND/CarND-Unscented-Kalman-Filter-Project/IDE/xcode";
				USE_HEADERMAP = NO;
				WARNING_CFLAGS = ("-Wmost","-Wno-four-char-constants","-Wno-unknown-pragmas","$(inherited)");
			};
			name = RelWithDebInfo;
		};
		6891D123411147BC92784809 /* RelWithDebInfo */ = {
			isa = XCBuildConfiguration;
			buildSettings = {
				COMBINE_HIDPI_IMAGES = YES;
				GCC_GENERATE_DEBUGGING_SYMBOLS = YES;
				GCC_INLINES_ARE_PRIVATE_EXTERN = NO;
				GCC_OPTIMIZATION_LEVEL = 0;
				GCC_PREPROCESSOR_DEFINITIONS = ("'CMAKE_INTDIR=\"$(CONFIGURATION)$(EFFECTIVE_PLATFORM_NAME)\"'");
				GCC_SYMBOLS_PRIVATE_EXTERN = NO;
				HEADER_SEARCH_PATHS = (/usr/local/include,/usr/local/opt/openssl/include);
				INSTALL_PATH = "";
				OTHER_LDFLAGS = " ";
				OTHER_REZFLAGS = "";
				PRODUCT_NAME = ALL_BUILD;
				SECTORDER_FLAGS = "";
				SYMROOT = "/Users/Ollie/Documents/CarND/CarND-Unscented-Kalman-Filter-Project/IDE/xcode";
				USE_HEADERMAP = NO;
				WARNING_CFLAGS = ("-Wmost","-Wno-four-char-constants","-Wno-unknown-pragmas","$(inherited)");
			};
			name = RelWithDebInfo;
		};
		888F619EF9EC4896835314FE /* Release */ = {
			isa = XCBuildConfiguration;
			buildSettings = {
				COMBINE_HIDPI_IMAGES = YES;
				GCC_GENERATE_DEBUGGING_SYMBOLS = YES;
				GCC_INLINES_ARE_PRIVATE_EXTERN = NO;
				GCC_OPTIMIZATION_LEVEL = 0;
				GCC_PREPROCESSOR_DEFINITIONS = ("'CMAKE_INTDIR=\"$(CONFIGURATION)$(EFFECTIVE_PLATFORM_NAME)\"'");
				GCC_SYMBOLS_PRIVATE_EXTERN = NO;
				HEADER_SEARCH_PATHS = (/usr/local/include,/usr/local/opt/openssl/include);
				INSTALL_PATH = "";
				OTHER_LDFLAGS = " ";
				OTHER_REZFLAGS = "";
				PRODUCT_NAME = ALL_BUILD;
				SECTORDER_FLAGS = "";
				SYMROOT = "/Users/Ollie/Documents/CarND/CarND-Unscented-Kalman-Filter-Project/IDE/xcode";
				USE_HEADERMAP = NO;
				WARNING_CFLAGS = ("-Wmost","-Wno-four-char-constants","-Wno-unknown-pragmas","$(inherited)");
			};
			name = Release;
		};
		8F9F74BD5FCD4E68B0910F91 /* MinSizeRel */ = {
			isa = XCBuildConfiguration;
			buildSettings = {
				COMBINE_HIDPI_IMAGES = YES;
				GCC_GENERATE_DEBUGGING_SYMBOLS = YES;
				GCC_INLINES_ARE_PRIVATE_EXTERN = NO;
				GCC_OPTIMIZATION_LEVEL = 0;
				GCC_PREPROCESSOR_DEFINITIONS = ("'CMAKE_INTDIR=\"$(CONFIGURATION)$(EFFECTIVE_PLATFORM_NAME)\"'");
				GCC_SYMBOLS_PRIVATE_EXTERN = NO;
				HEADER_SEARCH_PATHS = (/usr/local/include,/usr/local/opt/openssl/include);
				INSTALL_PATH = "";
				OTHER_LDFLAGS = " ";
				OTHER_REZFLAGS = "";
				PRODUCT_NAME = ALL_BUILD;
				SECTORDER_FLAGS = "";
				SYMROOT = "/Users/Ollie/Documents/CarND/CarND-Unscented-Kalman-Filter-Project/IDE/xcode";
				USE_HEADERMAP = NO;
				WARNING_CFLAGS = ("-Wmost","-Wno-four-char-constants","-Wno-unknown-pragmas","$(inherited)");
			};
			name = MinSizeRel;
		};
		9633A0B2F7B64649A2343AB1 /* RelWithDebInfo */ = {
			isa = XCBuildConfiguration;
			buildSettings = {
				COMBINE_HIDPI_IMAGES = YES;
				GCC_GENERATE_DEBUGGING_SYMBOLS = YES;
				GCC_INLINES_ARE_PRIVATE_EXTERN = NO;
				GCC_OPTIMIZATION_LEVEL = 0;
				GCC_PREPROCESSOR_DEFINITIONS = ("'CMAKE_INTDIR=\"$(CONFIGURATION)$(EFFECTIVE_PLATFORM_NAME)\"'");
				GCC_SYMBOLS_PRIVATE_EXTERN = NO;
				HEADER_SEARCH_PATHS = (/usr/local/include,/usr/local/opt/openssl/include);
				INSTALL_PATH = "";
				OTHER_LDFLAGS = " ";
				OTHER_REZFLAGS = "";
				PRODUCT_NAME = ZERO_CHECK;
				SECTORDER_FLAGS = "";
				SYMROOT = "/Users/Ollie/Documents/CarND/CarND-Unscented-Kalman-Filter-Project/IDE/xcode";
				USE_HEADERMAP = NO;
				WARNING_CFLAGS = ("-Wmost","-Wno-four-char-constants","-Wno-unknown-pragmas","$(inherited)");
			};
			name = RelWithDebInfo;
		};
		A8364E4687A6480FB056BE5C /* RelWithDebInfo */ = {
			isa = XCBuildConfiguration;
			buildSettings = {
				ONLY_ACTIVE_ARCH = YES;
				SDKROOT = /Applications/Xcode.app/Contents/Developer/Platforms/MacOSX.platform/Developer/SDKs/MacOSX10.12.sdk;
				SYMROOT = "/Users/Ollie/Documents/CarND/CarND-Unscented-Kalman-Filter-Project/IDE/xcode/build";
			};
			name = RelWithDebInfo;
		};
		ADF68EF576BA4A638745BFA5 /* Release */ = {
			isa = XCBuildConfiguration;
			buildSettings = {
				COMBINE_HIDPI_IMAGES = YES;
				GCC_GENERATE_DEBUGGING_SYMBOLS = YES;
				GCC_INLINES_ARE_PRIVATE_EXTERN = NO;
				GCC_OPTIMIZATION_LEVEL = 0;
				GCC_PREPROCESSOR_DEFINITIONS = ("'CMAKE_INTDIR=\"$(CONFIGURATION)$(EFFECTIVE_PLATFORM_NAME)\"'");
				GCC_SYMBOLS_PRIVATE_EXTERN = NO;
				HEADER_SEARCH_PATHS = (/usr/local/include,/usr/local/opt/openssl/include);
				INSTALL_PATH = "";
				OTHER_LDFLAGS = " ";
				OTHER_REZFLAGS = "";
				PRODUCT_NAME = ZERO_CHECK;
				SECTORDER_FLAGS = "";
				SYMROOT = "/Users/Ollie/Documents/CarND/CarND-Unscented-Kalman-Filter-Project/IDE/xcode";
				USE_HEADERMAP = NO;
				WARNING_CFLAGS = ("-Wmost","-Wno-four-char-constants","-Wno-unknown-pragmas","$(inherited)");
			};
			name = Release;
		};
		B19EA0F56B17464DB19E7BD7 /* Release */ = {
			isa = XCBuildConfiguration;
			buildSettings = {
				ONLY_ACTIVE_ARCH = YES;
				SDKROOT = /Applications/Xcode.app/Contents/Developer/Platforms/MacOSX.platform/Developer/SDKs/MacOSX10.12.sdk;
				SYMROOT = "/Users/Ollie/Documents/CarND/CarND-Unscented-Kalman-Filter-Project/IDE/xcode/build";
			};
			name = Release;
		};
		B1D0130387514AD7854B1713 /* Debug */ = {
			isa = XCBuildConfiguration;
			buildSettings = {
				COMBINE_HIDPI_IMAGES = YES;
				GCC_GENERATE_DEBUGGING_SYMBOLS = YES;
				GCC_INLINES_ARE_PRIVATE_EXTERN = NO;
				GCC_OPTIMIZATION_LEVEL = 0;
				GCC_PREPROCESSOR_DEFINITIONS = ("'CMAKE_INTDIR=\"$(CONFIGURATION)$(EFFECTIVE_PLATFORM_NAME)\"'");
				GCC_SYMBOLS_PRIVATE_EXTERN = NO;
				HEADER_SEARCH_PATHS = (/usr/local/include,/usr/local/opt/openssl/include);
				INSTALL_PATH = "";
				OTHER_LDFLAGS = " ";
				OTHER_REZFLAGS = "";
				PRODUCT_NAME = ALL_BUILD;
				SECTORDER_FLAGS = "";
				SYMROOT = "/Users/Ollie/Documents/CarND/CarND-Unscented-Kalman-Filter-Project/IDE/xcode";
				USE_HEADERMAP = NO;
				WARNING_CFLAGS = ("-Wmost","-Wno-four-char-constants","-Wno-unknown-pragmas","$(inherited)");
			};
			name = Debug;
		};
		BCE932B3A7914491A8A8ABD6 /* Release */ = {
			isa = XCBuildConfiguration;
			buildSettings = {
				COMBINE_HIDPI_IMAGES = YES;
				EXECUTABLE_PREFIX = "";
				EXECUTABLE_SUFFIX = "";
				GCC_GENERATE_DEBUGGING_SYMBOLS = NO;
				GCC_INLINES_ARE_PRIVATE_EXTERN = NO;
				GCC_OPTIMIZATION_LEVEL = 3;
				GCC_PREPROCESSOR_DEFINITIONS = ("'CMAKE_INTDIR=\"$(CONFIGURATION)$(EFFECTIVE_PLATFORM_NAME)\"'");
				GCC_SYMBOLS_PRIVATE_EXTERN = NO;
				HEADER_SEARCH_PATHS = (/usr/local/include,/usr/local/opt/openssl/include);
				INSTALL_PATH = "";
				LD_RUNPATH_SEARCH_PATHS = "/usr/local/lib /usr/local/opt/openssl/lib /usr/local/Cellar/libuv/1.11.0/lib";
				LIBRARY_SEARCH_PATHS = " /usr/local/lib/$(CONFIGURATION)$(EFFECTIVE_PLATFORM_NAME) /usr/local/lib /usr/local/opt/openssl/lib/$(CONFIGURATION)$(EFFECTIVE_PLATFORM_NAME) /usr/local/opt/openssl/lib /usr/local/Cellar/libuv/1.11.0/lib/$(CONFIGURATION)$(EFFECTIVE_PLATFORM_NAME) /usr/local/Cellar/libuv/1.11.0/lib";
				OTHER_CPLUSPLUSFLAGS = "    -DNDEBUG -I/usr/local/include -I/usr/local/opt/openssl/include    -std=c++11";
				OTHER_LDFLAGS = " -Wl,-search_paths_first -Wl,-headerpad_max_install_names  -lz -lssl -luv -luWS";
				OTHER_REZFLAGS = "";
				PRODUCT_NAME = UnscentedKF;
				SECTORDER_FLAGS = "";
				SYMROOT = "/Users/Ollie/Documents/CarND/CarND-Unscented-Kalman-Filter-Project/IDE/xcode";
				USE_HEADERMAP = NO;
				WARNING_CFLAGS = ("-Wmost","-Wno-four-char-constants","-Wno-unknown-pragmas","$(inherited)");
			};
			name = Release;
		};
		BF8EB85E264C4F8694A62C56 /* MinSizeRel */ = {
			isa = XCBuildConfiguration;
			buildSettings = {
				COMBINE_HIDPI_IMAGES = YES;
				EXECUTABLE_PREFIX = "";
				EXECUTABLE_SUFFIX = "";
				GCC_GENERATE_DEBUGGING_SYMBOLS = NO;
				GCC_INLINES_ARE_PRIVATE_EXTERN = NO;
				GCC_OPTIMIZATION_LEVEL = s;
				GCC_PREPROCESSOR_DEFINITIONS = ("'CMAKE_INTDIR=\"$(CONFIGURATION)$(EFFECTIVE_PLATFORM_NAME)\"'");
				GCC_SYMBOLS_PRIVATE_EXTERN = NO;
				HEADER_SEARCH_PATHS = (/usr/local/include,/usr/local/opt/openssl/include);
				INSTALL_PATH = "";
				LD_RUNPATH_SEARCH_PATHS = "/usr/local/lib /usr/local/opt/openssl/lib /usr/local/Cellar/libuv/1.11.0/lib";
				LIBRARY_SEARCH_PATHS = " /usr/local/lib/$(CONFIGURATION)$(EFFECTIVE_PLATFORM_NAME) /usr/local/lib /usr/local/opt/openssl/lib/$(CONFIGURATION)$(EFFECTIVE_PLATFORM_NAME) /usr/local/opt/openssl/lib /usr/local/Cellar/libuv/1.11.0/lib/$(CONFIGURATION)$(EFFECTIVE_PLATFORM_NAME) /usr/local/Cellar/libuv/1.11.0/lib";
				OTHER_CPLUSPLUSFLAGS = "    -DNDEBUG -I/usr/local/include -I/usr/local/opt/openssl/include    -std=c++11";
				OTHER_LDFLAGS = " -Wl,-search_paths_first -Wl,-headerpad_max_install_names  -lz -lssl -luv -luWS";
				OTHER_REZFLAGS = "";
				PRODUCT_NAME = UnscentedKF;
				SECTORDER_FLAGS = "";
				SYMROOT = "/Users/Ollie/Documents/CarND/CarND-Unscented-Kalman-Filter-Project/IDE/xcode";
				USE_HEADERMAP = NO;
				WARNING_CFLAGS = ("-Wmost","-Wno-four-char-constants","-Wno-unknown-pragmas","$(inherited)");
			};
			name = MinSizeRel;
		};
		DD429C9AC4174477AE0AB759 /* Debug */ = {
			isa = XCBuildConfiguration;
			buildSettings = {
				COMBINE_HIDPI_IMAGES = YES;
				EXECUTABLE_PREFIX = "";
				EXECUTABLE_SUFFIX = "";
				GCC_GENERATE_DEBUGGING_SYMBOLS = YES;
				GCC_INLINES_ARE_PRIVATE_EXTERN = NO;
				GCC_OPTIMIZATION_LEVEL = 0;
				GCC_PREPROCESSOR_DEFINITIONS = ("'CMAKE_INTDIR=\"$(CONFIGURATION)$(EFFECTIVE_PLATFORM_NAME)\"'");
				GCC_SYMBOLS_PRIVATE_EXTERN = NO;
				HEADER_SEARCH_PATHS = (/usr/local/include,/usr/local/opt/openssl/include);
				INSTALL_PATH = "";
				LD_RUNPATH_SEARCH_PATHS = "/usr/local/lib /usr/local/opt/openssl/lib /usr/local/Cellar/libuv/1.11.0/lib";
				LIBRARY_SEARCH_PATHS = " /usr/local/lib/$(CONFIGURATION)$(EFFECTIVE_PLATFORM_NAME) /usr/local/lib /usr/local/opt/openssl/lib/$(CONFIGURATION)$(EFFECTIVE_PLATFORM_NAME) /usr/local/opt/openssl/lib /usr/local/Cellar/libuv/1.11.0/lib/$(CONFIGURATION)$(EFFECTIVE_PLATFORM_NAME) /usr/local/Cellar/libuv/1.11.0/lib";
				OTHER_CPLUSPLUSFLAGS = "   -I/usr/local/include -I/usr/local/opt/openssl/include    -std=c++11";
				OTHER_LDFLAGS = " -Wl,-search_paths_first -Wl,-headerpad_max_install_names  -lz -lssl -luv -luWS";
				OTHER_REZFLAGS = "";
				PRODUCT_NAME = UnscentedKF;
				SECTORDER_FLAGS = "";
				SYMROOT = "/Users/Ollie/Documents/CarND/CarND-Unscented-Kalman-Filter-Project/IDE/xcode";
				USE_HEADERMAP = NO;
				WARNING_CFLAGS = ("-Wmost","-Wno-four-char-constants","-Wno-unknown-pragmas","$(inherited)");
			};
			name = Debug;
		};
		EA02B975E75A402289AF30F3 /* MinSizeRel */ = {
			isa = XCBuildConfiguration;
			buildSettings = {
				ONLY_ACTIVE_ARCH = YES;
				SDKROOT = /Applications/Xcode.app/Contents/Developer/Platforms/MacOSX.platform/Developer/SDKs/MacOSX10.12.sdk;
				SYMROOT = "/Users/Ollie/Documents/CarND/CarND-Unscented-Kalman-Filter-Project/IDE/xcode/build";
			};
			name = MinSizeRel;
		};
/* End XCBuildConfiguration section */

/* Begin XCConfigurationList section */
		079A10D9C3E646C594CDA278 /* Build configuration list for PBXAggregateTarget "ALL_BUILD" */ = {
			isa = XCConfigurationList;
			buildConfigurations = (
				B1D0130387514AD7854B1713 /* Debug */,
				888F619EF9EC4896835314FE /* Release */,
				8F9F74BD5FCD4E68B0910F91 /* MinSizeRel */,
				6891D123411147BC92784809 /* RelWithDebInfo */,
			);
			defaultConfigurationIsVisible = 0;
			defaultConfigurationName = Debug;
		};
		2C3FE8A6BB1148AABD5CF320 /* Build configuration list for PBXAggregateTarget "ZERO_CHECK" */ = {
			isa = XCConfigurationList;
			buildConfigurations = (
				5B8EF726C5254BA0879DFC5F /* Debug */,
				ADF68EF576BA4A638745BFA5 /* Release */,
				1C4BCC9670504AF58E4205DB /* MinSizeRel */,
				9633A0B2F7B64649A2343AB1 /* RelWithDebInfo */,
			);
			defaultConfigurationIsVisible = 0;
			defaultConfigurationName = Debug;
		};
		630104DBF5A847CB8F423CD0 /* Build configuration list for PBXNativeTarget "UnscentedKF" */ = {
			isa = XCConfigurationList;
			buildConfigurations = (
				DD429C9AC4174477AE0AB759 /* Debug */,
				BCE932B3A7914491A8A8ABD6 /* Release */,
				BF8EB85E264C4F8694A62C56 /* MinSizeRel */,
				66CAD3612052473792A82D66 /* RelWithDebInfo */,
			);
			defaultConfigurationIsVisible = 0;
			defaultConfigurationName = Debug;
		};
		F9CBB392EC7042E7A63A4484 /* Build configuration list for PBXProject "UnscentedKF" */ = {
			isa = XCConfigurationList;
			buildConfigurations = (
				618B43EC54784352B3974EBB /* Debug */,
				B19EA0F56B17464DB19E7BD7 /* Release */,
				EA02B975E75A402289AF30F3 /* MinSizeRel */,
				A8364E4687A6480FB056BE5C /* RelWithDebInfo */,
			);
			defaultConfigurationIsVisible = 0;
			defaultConfigurationName = Debug;
		};
/* End XCConfigurationList section */
	};
	rootObject = 5FFFC7C6E7554D6897E4DE8F /* Project object */;
}
